// !$*UTF8*$!
{
	archiveVersion = 1;
	classes = {
	};
	objectVersion = 56;
	objects = {

/* Begin PBXBuildFile section */
		3C30936E2A30E1D8006A5187 /* AliMarketApp.swift in Sources */ = {isa = PBXBuildFile; fileRef = 3C30936D2A30E1D8006A5187 /* AliMarketApp.swift */; };
		3C3093702A30E1D8006A5187 /* ContentView.swift in Sources */ = {isa = PBXBuildFile; fileRef = 3C30936F2A30E1D8006A5187 /* ContentView.swift */; };
		3C3093722A30E1DA006A5187 /* Assets.xcassets in Resources */ = {isa = PBXBuildFile; fileRef = 3C3093712A30E1DA006A5187 /* Assets.xcassets */; };
		3C3093752A30E1DA006A5187 /* Preview Assets.xcassets in Resources */ = {isa = PBXBuildFile; fileRef = 3C3093742A30E1DA006A5187 /* Preview Assets.xcassets */; };
		3C3093A82A32BA7F006A5187 /* LoginView.swift in Sources */ = {isa = PBXBuildFile; fileRef = 3C3093A72A32BA7F006A5187 /* LoginView.swift */; };
		3C3093AB2A33854D006A5187 /* FirebaseAuth in Frameworks */ = {isa = PBXBuildFile; productRef = 3C3093AA2A33854D006A5187 /* FirebaseAuth */; };
		3C3093AD2A33854D006A5187 /* FirebaseFirestore in Frameworks */ = {isa = PBXBuildFile; productRef = 3C3093AC2A33854D006A5187 /* FirebaseFirestore */; };
		3C3093AF2A33854D006A5187 /* FirebaseFirestoreCombine-Community in Frameworks */ = {isa = PBXBuildFile; productRef = 3C3093AE2A33854D006A5187 /* FirebaseFirestoreCombine-Community */; };
		3C3093B12A33854D006A5187 /* FirebaseFirestoreSwift in Frameworks */ = {isa = PBXBuildFile; productRef = 3C3093B02A33854D006A5187 /* FirebaseFirestoreSwift */; };
		3C3093B32A338653006A5187 /* GoogleService-Info.plist in Resources */ = {isa = PBXBuildFile; fileRef = 3C3093B22A338653006A5187 /* GoogleService-Info.plist */; };
		3C3093B52A339A14006A5187 /* ProductsView.swift in Sources */ = {isa = PBXBuildFile; fileRef = 3C3093B42A339A14006A5187 /* ProductsView.swift */; };
		3C3093B72A339A35006A5187 /* OrdersView.swift in Sources */ = {isa = PBXBuildFile; fileRef = 3C3093B62A339A35006A5187 /* OrdersView.swift */; };
		3C3093B92A339C91006A5187 /* Product.swift in Sources */ = {isa = PBXBuildFile; fileRef = 3C3093B82A339C91006A5187 /* Product.swift */; };
		3C3093BB2A33A918006A5187 /* ProductViewModel.swift in Sources */ = {isa = PBXBuildFile; fileRef = 3C3093BA2A33A918006A5187 /* ProductViewModel.swift */; };
		3C3093BD2A33B246006A5187 /* ProductView.swift in Sources */ = {isa = PBXBuildFile; fileRef = 3C3093BC2A33B245006A5187 /* ProductView.swift */; };
		3C3093BF2A3428A3006A5187 /* ItemDetail.swift in Sources */ = {isa = PBXBuildFile; fileRef = 3C3093BE2A3428A3006A5187 /* ItemDetail.swift */; };
		3C3093C12A34324B006A5187 /* TempView.swift in Sources */ = {isa = PBXBuildFile; fileRef = 3C3093C02A34324B006A5187 /* TempView.swift */; };
		3C3093C32A34CD80006A5187 /* AddProduct.swift in Sources */ = {isa = PBXBuildFile; fileRef = 3C3093C22A34CD80006A5187 /* AddProduct.swift */; };
		3C3093C52A34D199006A5187 /* ImagePicker.swift in Sources */ = {isa = PBXBuildFile; fileRef = 3C3093C42A34D199006A5187 /* ImagePicker.swift */; };
		3C3093C72A362A92006A5187 /* FirestoreHelper.swift in Sources */ = {isa = PBXBuildFile; fileRef = 3C3093C62A362A92006A5187 /* FirestoreHelper.swift */; };
		3CA48F1E2A365E3E0041646F /* FirebaseStorage in Frameworks */ = {isa = PBXBuildFile; productRef = 3CA48F1D2A365E3E0041646F /* FirebaseStorage */; };
		3CA48F202A3672A90041646F /* ImageUploader.swift in Sources */ = {isa = PBXBuildFile; fileRef = 3CA48F1F2A3672A90041646F /* ImageUploader.swift */; };
		3CA48F242A37DF4E0041646F /* Order.swift in Sources */ = {isa = PBXBuildFile; fileRef = 3CA48F232A37DF4E0041646F /* Order.swift */; };
		3CA48F262A37DF6B0041646F /* OrderViewModel.swift in Sources */ = {isa = PBXBuildFile; fileRef = 3CA48F252A37DF6B0041646F /* OrderViewModel.swift */; };
		3CA48F282A37FD470041646F /* OrderView.swift in Sources */ = {isa = PBXBuildFile; fileRef = 3CA48F272A37FD470041646F /* OrderView.swift */; };
		3CA48F2A2A38094D0041646F /* OrderDetailView.swift in Sources */ = {isa = PBXBuildFile; fileRef = 3CA48F292A38094D0041646F /* OrderDetailView.swift */; };
/* End PBXBuildFile section */

/* Begin PBXFileReference section */
		3C30936A2A30E1D8006A5187 /* AliMarket.app */ = {isa = PBXFileReference; explicitFileType = wrapper.application; includeInIndex = 0; path = AliMarket.app; sourceTree = BUILT_PRODUCTS_DIR; };
		3C30936D2A30E1D8006A5187 /* AliMarketApp.swift */ = {isa = PBXFileReference; lastKnownFileType = sourcecode.swift; path = AliMarketApp.swift; sourceTree = "<group>"; };
		3C30936F2A30E1D8006A5187 /* ContentView.swift */ = {isa = PBXFileReference; lastKnownFileType = sourcecode.swift; path = ContentView.swift; sourceTree = "<group>"; };
		3C3093712A30E1DA006A5187 /* Assets.xcassets */ = {isa = PBXFileReference; lastKnownFileType = folder.assetcatalog; path = Assets.xcassets; sourceTree = "<group>"; };
		3C3093742A30E1DA006A5187 /* Preview Assets.xcassets */ = {isa = PBXFileReference; lastKnownFileType = folder.assetcatalog; path = "Preview Assets.xcassets"; sourceTree = "<group>"; };
		3C3093A72A32BA7F006A5187 /* LoginView.swift */ = {isa = PBXFileReference; lastKnownFileType = sourcecode.swift; path = LoginView.swift; sourceTree = "<group>"; };
		3C3093B22A338653006A5187 /* GoogleService-Info.plist */ = {isa = PBXFileReference; fileEncoding = 4; lastKnownFileType = text.plist.xml; path = "GoogleService-Info.plist"; sourceTree = "<group>"; };
		3C3093B42A339A14006A5187 /* ProductsView.swift */ = {isa = PBXFileReference; lastKnownFileType = sourcecode.swift; path = ProductsView.swift; sourceTree = "<group>"; };
		3C3093B62A339A35006A5187 /* OrdersView.swift */ = {isa = PBXFileReference; lastKnownFileType = sourcecode.swift; path = OrdersView.swift; sourceTree = "<group>"; };
		3C3093B82A339C91006A5187 /* Product.swift */ = {isa = PBXFileReference; lastKnownFileType = sourcecode.swift; path = Product.swift; sourceTree = "<group>"; };
		3C3093BA2A33A918006A5187 /* ProductViewModel.swift */ = {isa = PBXFileReference; lastKnownFileType = sourcecode.swift; path = ProductViewModel.swift; sourceTree = "<group>"; };
		3C3093BC2A33B245006A5187 /* ProductView.swift */ = {isa = PBXFileReference; lastKnownFileType = sourcecode.swift; path = ProductView.swift; sourceTree = "<group>"; };
		3C3093BE2A3428A3006A5187 /* ItemDetail.swift */ = {isa = PBXFileReference; lastKnownFileType = sourcecode.swift; path = ItemDetail.swift; sourceTree = "<group>"; };
		3C3093C02A34324B006A5187 /* TempView.swift */ = {isa = PBXFileReference; lastKnownFileType = sourcecode.swift; path = TempView.swift; sourceTree = "<group>"; };
		3C3093C22A34CD80006A5187 /* AddProduct.swift */ = {isa = PBXFileReference; lastKnownFileType = sourcecode.swift; path = AddProduct.swift; sourceTree = "<group>"; };
		3C3093C42A34D199006A5187 /* ImagePicker.swift */ = {isa = PBXFileReference; lastKnownFileType = sourcecode.swift; path = ImagePicker.swift; sourceTree = "<group>"; };
		3C3093C62A362A92006A5187 /* FirestoreHelper.swift */ = {isa = PBXFileReference; lastKnownFileType = sourcecode.swift; path = FirestoreHelper.swift; sourceTree = "<group>"; };
		3CA48F1F2A3672A90041646F /* ImageUploader.swift */ = {isa = PBXFileReference; lastKnownFileType = sourcecode.swift; path = ImageUploader.swift; sourceTree = "<group>"; };
		3CA48F232A37DF4E0041646F /* Order.swift */ = {isa = PBXFileReference; lastKnownFileType = sourcecode.swift; path = Order.swift; sourceTree = "<group>"; };
		3CA48F252A37DF6B0041646F /* OrderViewModel.swift */ = {isa = PBXFileReference; lastKnownFileType = sourcecode.swift; path = OrderViewModel.swift; sourceTree = "<group>"; };
		3CA48F272A37FD470041646F /* OrderView.swift */ = {isa = PBXFileReference; lastKnownFileType = sourcecode.swift; path = OrderView.swift; sourceTree = "<group>"; };
		3CA48F292A38094D0041646F /* OrderDetailView.swift */ = {isa = PBXFileReference; lastKnownFileType = sourcecode.swift; path = OrderDetailView.swift; sourceTree = "<group>"; };
/* End PBXFileReference section */

/* Begin PBXFrameworksBuildPhase section */
		3C3093672A30E1D8006A5187 /* Frameworks */ = {
			isa = PBXFrameworksBuildPhase;
			buildActionMask = 2147483647;
			files = (
				3C3093AF2A33854D006A5187 /* FirebaseFirestoreCombine-Community in Frameworks */,
				3C3093AB2A33854D006A5187 /* FirebaseAuth in Frameworks */,
				3C3093AD2A33854D006A5187 /* FirebaseFirestore in Frameworks */,
				3CA48F1E2A365E3E0041646F /* FirebaseStorage in Frameworks */,
				3C3093B12A33854D006A5187 /* FirebaseFirestoreSwift in Frameworks */,
			);
			runOnlyForDeploymentPostprocessing = 0;
		};
/* End PBXFrameworksBuildPhase section */

/* Begin PBXGroup section */
		3C3093612A30E1D8006A5187 = {
			isa = PBXGroup;
			children = (
				3C30936C2A30E1D8006A5187 /* AliMarket */,
				3C30936B2A30E1D8006A5187 /* Products */,
				3CA48F1C2A365E3E0041646F /* Frameworks */,
			);
			sourceTree = "<group>";
		};
		3C30936B2A30E1D8006A5187 /* Products */ = {
			isa = PBXGroup;
			children = (
				3C30936A2A30E1D8006A5187 /* AliMarket.app */,
			);
			name = Products;
			sourceTree = "<group>";
		};
		3C30936C2A30E1D8006A5187 /* AliMarket */ = {
			isa = PBXGroup;
			children = (
				3C3093B22A338653006A5187 /* GoogleService-Info.plist */,
				3C30936D2A30E1D8006A5187 /* AliMarketApp.swift */,
				3C30936F2A30E1D8006A5187 /* ContentView.swift */,
				3CA48F292A38094D0041646F /* OrderDetailView.swift */,
				3C3093B42A339A14006A5187 /* ProductsView.swift */,
				3C3093BE2A3428A3006A5187 /* ItemDetail.swift */,
				3C3093C22A34CD80006A5187 /* AddProduct.swift */,
				3CA48F252A37DF6B0041646F /* OrderViewModel.swift */,
				3C3093C42A34D199006A5187 /* ImagePicker.swift */,
				3CA48F272A37FD470041646F /* OrderView.swift */,
				3CA48F1F2A3672A90041646F /* ImageUploader.swift */,
				3C3093C02A34324B006A5187 /* TempView.swift */,
				3C3093BC2A33B245006A5187 /* ProductView.swift */,
				3CA48F232A37DF4E0041646F /* Order.swift */,
				3C3093B82A339C91006A5187 /* Product.swift */,
				3C3093C62A362A92006A5187 /* FirestoreHelper.swift */,
				3C3093BA2A33A918006A5187 /* ProductViewModel.swift */,
				3C3093B62A339A35006A5187 /* OrdersView.swift */,
				3C3093A72A32BA7F006A5187 /* LoginView.swift */,
				3C3093712A30E1DA006A5187 /* Assets.xcassets */,
				3C3093732A30E1DA006A5187 /* Preview Content */,
			);
			path = AliMarket;
			sourceTree = "<group>";
		};
		3C3093732A30E1DA006A5187 /* Preview Content */ = {
			isa = PBXGroup;
			children = (
				3C3093742A30E1DA006A5187 /* Preview Assets.xcassets */,
			);
			path = "Preview Content";
			sourceTree = "<group>";
		};
		3CA48F1C2A365E3E0041646F /* Frameworks */ = {
			isa = PBXGroup;
			children = (
			);
			name = Frameworks;
			sourceTree = "<group>";
		};
/* End PBXGroup section */

/* Begin PBXNativeTarget section */
		3C3093692A30E1D8006A5187 /* AliMarket */ = {
			isa = PBXNativeTarget;
			buildConfigurationList = 3C3093782A30E1DA006A5187 /* Build configuration list for PBXNativeTarget "AliMarket" */;
			buildPhases = (
				3C3093662A30E1D8006A5187 /* Sources */,
				3C3093672A30E1D8006A5187 /* Frameworks */,
				3C3093682A30E1D8006A5187 /* Resources */,
			);
			buildRules = (
			);
			dependencies = (
			);
			name = AliMarket;
			packageProductDependencies = (
				3C3093AA2A33854D006A5187 /* FirebaseAuth */,
				3C3093AC2A33854D006A5187 /* FirebaseFirestore */,
				3C3093AE2A33854D006A5187 /* FirebaseFirestoreCombine-Community */,
				3C3093B02A33854D006A5187 /* FirebaseFirestoreSwift */,
				3CA48F1D2A365E3E0041646F /* FirebaseStorage */,
			);
			productName = AliMarket;
			productReference = 3C30936A2A30E1D8006A5187 /* AliMarket.app */;
			productType = "com.apple.product-type.application";
		};
/* End PBXNativeTarget section */

/* Begin PBXProject section */
		3C3093622A30E1D8006A5187 /* Project object */ = {
			isa = PBXProject;
			attributes = {
				BuildIndependentTargetsInParallel = 1;
				LastSwiftUpdateCheck = 1430;
				LastUpgradeCheck = 1430;
				TargetAttributes = {
					3C3093692A30E1D8006A5187 = {
						CreatedOnToolsVersion = 14.3;
					};
				};
			};
			buildConfigurationList = 3C3093652A30E1D8006A5187 /* Build configuration list for PBXProject "AliMarket" */;
			compatibilityVersion = "Xcode 14.0";
			developmentRegion = en;
			hasScannedForEncodings = 0;
			knownRegions = (
				en,
				Base,
			);
			mainGroup = 3C3093612A30E1D8006A5187;
			packageReferences = (
				3C3093A92A33854D006A5187 /* XCRemoteSwiftPackageReference "firebase-ios-sdk" */,
			);
			productRefGroup = 3C30936B2A30E1D8006A5187 /* Products */;
			projectDirPath = "";
			projectRoot = "";
			targets = (
				3C3093692A30E1D8006A5187 /* AliMarket */,
			);
		};
/* End PBXProject section */

/* Begin PBXResourcesBuildPhase section */
		3C3093682A30E1D8006A5187 /* Resources */ = {
			isa = PBXResourcesBuildPhase;
			buildActionMask = 2147483647;
			files = (
				3C3093752A30E1DA006A5187 /* Preview Assets.xcassets in Resources */,
				3C3093722A30E1DA006A5187 /* Assets.xcassets in Resources */,
				3C3093B32A338653006A5187 /* GoogleService-Info.plist in Resources */,
			);
			runOnlyForDeploymentPostprocessing = 0;
		};
/* End PBXResourcesBuildPhase section */

/* Begin PBXSourcesBuildPhase section */
		3C3093662A30E1D8006A5187 /* Sources */ = {
			isa = PBXSourcesBuildPhase;
			buildActionMask = 2147483647;
			files = (
				3C3093BD2A33B246006A5187 /* ProductView.swift in Sources */,
				3C3093BB2A33A918006A5187 /* ProductViewModel.swift in Sources */,
				3C3093C12A34324B006A5187 /* TempView.swift in Sources */,
				3CA48F282A37FD470041646F /* OrderView.swift in Sources */,
				3C3093B72A339A35006A5187 /* OrdersView.swift in Sources */,
				3C3093B52A339A14006A5187 /* ProductsView.swift in Sources */,
				3C3093BF2A3428A3006A5187 /* ItemDetail.swift in Sources */,
				3C3093A82A32BA7F006A5187 /* LoginView.swift in Sources */,
				3CA48F2A2A38094D0041646F /* OrderDetailView.swift in Sources */,
				3CA48F262A37DF6B0041646F /* OrderViewModel.swift in Sources */,
				3CA48F202A3672A90041646F /* ImageUploader.swift in Sources */,
				3C3093C72A362A92006A5187 /* FirestoreHelper.swift in Sources */,
				3C3093702A30E1D8006A5187 /* ContentView.swift in Sources */,
				3C3093C32A34CD80006A5187 /* AddProduct.swift in Sources */,
				3C3093C52A34D199006A5187 /* ImagePicker.swift in Sources */,
				3CA48F242A37DF4E0041646F /* Order.swift in Sources */,
				3C30936E2A30E1D8006A5187 /* AliMarketApp.swift in Sources */,
				3C3093B92A339C91006A5187 /* Product.swift in Sources */,
			);
			runOnlyForDeploymentPostprocessing = 0;
		};
/* End PBXSourcesBuildPhase section */

/* Begin XCBuildConfiguration section */
		3C3093762A30E1DA006A5187 /* Debug */ = {
			isa = XCBuildConfiguration;
			buildSettings = {
				ALWAYS_SEARCH_USER_PATHS = NO;
				CLANG_ANALYZER_NONNULL = YES;
				CLANG_ANALYZER_NUMBER_OBJECT_CONVERSION = YES_AGGRESSIVE;
				CLANG_CXX_LANGUAGE_STANDARD = "gnu++20";
				CLANG_ENABLE_MODULES = YES;
				CLANG_ENABLE_OBJC_ARC = YES;
				CLANG_ENABLE_OBJC_WEAK = YES;
				CLANG_WARN_BLOCK_CAPTURE_AUTORELEASING = YES;
				CLANG_WARN_BOOL_CONVERSION = YES;
				CLANG_WARN_COMMA = YES;
				CLANG_WARN_CONSTANT_CONVERSION = YES;
				CLANG_WARN_DEPRECATED_OBJC_IMPLEMENTATIONS = YES;
				CLANG_WARN_DIRECT_OBJC_ISA_USAGE = YES_ERROR;
				CLANG_WARN_DOCUMENTATION_COMMENTS = YES;
				CLANG_WARN_EMPTY_BODY = YES;
				CLANG_WARN_ENUM_CONVERSION = YES;
				CLANG_WARN_INFINITE_RECURSION = YES;
				CLANG_WARN_INT_CONVERSION = YES;
				CLANG_WARN_NON_LITERAL_NULL_CONVERSION = YES;
				CLANG_WARN_OBJC_IMPLICIT_RETAIN_SELF = YES;
				CLANG_WARN_OBJC_LITERAL_CONVERSION = YES;
				CLANG_WARN_OBJC_ROOT_CLASS = YES_ERROR;
				CLANG_WARN_QUOTED_INCLUDE_IN_FRAMEWORK_HEADER = YES;
				CLANG_WARN_RANGE_LOOP_ANALYSIS = YES;
				CLANG_WARN_STRICT_PROTOTYPES = YES;
				CLANG_WARN_SUSPICIOUS_MOVE = YES;
				CLANG_WARN_UNGUARDED_AVAILABILITY = YES_AGGRESSIVE;
				CLANG_WARN_UNREACHABLE_CODE = YES;
				CLANG_WARN__DUPLICATE_METHOD_MATCH = YES;
				COPY_PHASE_STRIP = NO;
				DEBUG_INFORMATION_FORMAT = dwarf;
				ENABLE_STRICT_OBJC_MSGSEND = YES;
				ENABLE_TESTABILITY = YES;
				GCC_C_LANGUAGE_STANDARD = gnu11;
				GCC_DYNAMIC_NO_PIC = NO;
				GCC_NO_COMMON_BLOCKS = YES;
				GCC_OPTIMIZATION_LEVEL = 0;
				GCC_PREPROCESSOR_DEFINITIONS = (
					"DEBUG=1",
					"$(inherited)",
				);
				GCC_WARN_64_TO_32_BIT_CONVERSION = YES;
				GCC_WARN_ABOUT_RETURN_TYPE = YES_ERROR;
				GCC_WARN_UNDECLARED_SELECTOR = YES;
				GCC_WARN_UNINITIALIZED_AUTOS = YES_AGGRESSIVE;
				GCC_WARN_UNUSED_FUNCTION = YES;
				GCC_WARN_UNUSED_VARIABLE = YES;
				IPHONEOS_DEPLOYMENT_TARGET = 16.4;
				MTL_ENABLE_DEBUG_INFO = INCLUDE_SOURCE;
				MTL_FAST_MATH = YES;
				ONLY_ACTIVE_ARCH = YES;
				SDKROOT = iphoneos;
				SWIFT_ACTIVE_COMPILATION_CONDITIONS = DEBUG;
				SWIFT_OPTIMIZATION_LEVEL = "-Onone";
			};
			name = Debug;
		};
		3C3093772A30E1DA006A5187 /* Release */ = {
			isa = XCBuildConfiguration;
			buildSettings = {
				ALWAYS_SEARCH_USER_PATHS = NO;
				CLANG_ANALYZER_NONNULL = YES;
				CLANG_ANALYZER_NUMBER_OBJECT_CONVERSION = YES_AGGRESSIVE;
				CLANG_CXX_LANGUAGE_STANDARD = "gnu++20";
				CLANG_ENABLE_MODULES = YES;
				CLANG_ENABLE_OBJC_ARC = YES;
				CLANG_ENABLE_OBJC_WEAK = YES;
				CLANG_WARN_BLOCK_CAPTURE_AUTORELEASING = YES;
				CLANG_WARN_BOOL_CONVERSION = YES;
				CLANG_WARN_COMMA = YES;
				CLANG_WARN_CONSTANT_CONVERSION = YES;
				CLANG_WARN_DEPRECATED_OBJC_IMPLEMENTATIONS = YES;
				CLANG_WARN_DIRECT_OBJC_ISA_USAGE = YES_ERROR;
				CLANG_WARN_DOCUMENTATION_COMMENTS = YES;
				CLANG_WARN_EMPTY_BODY = YES;
				CLANG_WARN_ENUM_CONVERSION = YES;
				CLANG_WARN_INFINITE_RECURSION = YES;
				CLANG_WARN_INT_CONVERSION = YES;
				CLANG_WARN_NON_LITERAL_NULL_CONVERSION = YES;
				CLANG_WARN_OBJC_IMPLICIT_RETAIN_SELF = YES;
				CLANG_WARN_OBJC_LITERAL_CONVERSION = YES;
				CLANG_WARN_OBJC_ROOT_CLASS = YES_ERROR;
				CLANG_WARN_QUOTED_INCLUDE_IN_FRAMEWORK_HEADER = YES;
				CLANG_WARN_RANGE_LOOP_ANALYSIS = YES;
				CLANG_WARN_STRICT_PROTOTYPES = YES;
				CLANG_WARN_SUSPICIOUS_MOVE = YES;
				CLANG_WARN_UNGUARDED_AVAILABILITY = YES_AGGRESSIVE;
				CLANG_WARN_UNREACHABLE_CODE = YES;
				CLANG_WARN__DUPLICATE_METHOD_MATCH = YES;
				COPY_PHASE_STRIP = NO;
				DEBUG_INFORMATION_FORMAT = "dwarf-with-dsym";
				ENABLE_NS_ASSERTIONS = NO;
				ENABLE_STRICT_OBJC_MSGSEND = YES;
				GCC_C_LANGUAGE_STANDARD = gnu11;
				GCC_NO_COMMON_BLOCKS = YES;
				GCC_WARN_64_TO_32_BIT_CONVERSION = YES;
				GCC_WARN_ABOUT_RETURN_TYPE = YES_ERROR;
				GCC_WARN_UNDECLARED_SELECTOR = YES;
				GCC_WARN_UNINITIALIZED_AUTOS = YES_AGGRESSIVE;
				GCC_WARN_UNUSED_FUNCTION = YES;
				GCC_WARN_UNUSED_VARIABLE = YES;
				IPHONEOS_DEPLOYMENT_TARGET = 16.4;
				MTL_ENABLE_DEBUG_INFO = NO;
				MTL_FAST_MATH = YES;
				SDKROOT = iphoneos;
				SWIFT_COMPILATION_MODE = wholemodule;
				SWIFT_OPTIMIZATION_LEVEL = "-O";
				VALIDATE_PRODUCT = YES;
			};
			name = Release;
		};
		3C3093792A30E1DA006A5187 /* Debug */ = {
			isa = XCBuildConfiguration;
			buildSettings = {
				ASSETCATALOG_COMPILER_APPICON_NAME = AppIcon;
				ASSETCATALOG_COMPILER_GLOBAL_ACCENT_COLOR_NAME = AccentColor;
				CODE_SIGN_STYLE = Automatic;
				CURRENT_PROJECT_VERSION = 1;
				DEVELOPMENT_ASSET_PATHS = "\"AliMarket/Preview Content\"";
				DEVELOPMENT_TEAM = G7PVWZ83G7;
				ENABLE_PREVIEWS = YES;
				GENERATE_INFOPLIST_FILE = YES;
				INFOPLIST_KEY_UIApplicationSceneManifest_Generation = YES;
				INFOPLIST_KEY_UIApplicationSupportsIndirectInputEvents = YES;
				INFOPLIST_KEY_UILaunchScreen_Generation = YES;
				INFOPLIST_KEY_UISupportedInterfaceOrientations_iPad = "UIInterfaceOrientationPortrait UIInterfaceOrientationPortraitUpsideDown UIInterfaceOrientationLandscapeLeft UIInterfaceOrientationLandscapeRight";
				INFOPLIST_KEY_UISupportedInterfaceOrientations_iPhone = "UIInterfaceOrientationPortrait UIInterfaceOrientationLandscapeLeft UIInterfaceOrientationLandscapeRight";
				LD_RUNPATH_SEARCH_PATHS = (
					"$(inherited)",
					"@executable_path/Frameworks",
				);
				MARKETING_VERSION = 1.0;
				PRODUCT_BUNDLE_IDENTIFIER = com.nima.AliMarket;
				PRODUCT_NAME = "$(TARGET_NAME)";
				SWIFT_EMIT_LOC_STRINGS = YES;
				SWIFT_VERSION = 5.0;
				TARGETED_DEVICE_FAMILY = "1,2";
			};
			name = Debug;
		};
		3C30937A2A30E1DA006A5187 /* Release */ = {
			isa = XCBuildConfiguration;
			buildSettings = {
				ASSETCATALOG_COMPILER_APPICON_NAME = AppIcon;
				ASSETCATALOG_COMPILER_GLOBAL_ACCENT_COLOR_NAME = AccentColor;
				CODE_SIGN_STYLE = Automatic;
				CURRENT_PROJECT_VERSION = 1;
				DEVELOPMENT_ASSET_PATHS = "\"AliMarket/Preview Content\"";
				DEVELOPMENT_TEAM = G7PVWZ83G7;
				ENABLE_PREVIEWS = YES;
				GENERATE_INFOPLIST_FILE = YES;
				INFOPLIST_KEY_UIApplicationSceneManifest_Generation = YES;
				INFOPLIST_KEY_UIApplicationSupportsIndirectInputEvents = YES;
				INFOPLIST_KEY_UILaunchScreen_Generation = YES;
				INFOPLIST_KEY_UISupportedInterfaceOrientations_iPad = "UIInterfaceOrientationPortrait UIInterfaceOrientationPortraitUpsideDown UIInterfaceOrientationLandscapeLeft UIInterfaceOrientationLandscapeRight";
				INFOPLIST_KEY_UISupportedInterfaceOrientations_iPhone = "UIInterfaceOrientationPortrait UIInterfaceOrientationLandscapeLeft UIInterfaceOrientationLandscapeRight";
				LD_RUNPATH_SEARCH_PATHS = (
					"$(inherited)",
					"@executable_path/Frameworks",
				);
				MARKETING_VERSION = 1.0;
				PRODUCT_BUNDLE_IDENTIFIER = com.nima.AliMarket;
				PRODUCT_NAME = "$(TARGET_NAME)";
				SWIFT_EMIT_LOC_STRINGS = YES;
				SWIFT_VERSION = 5.0;
				TARGETED_DEVICE_FAMILY = "1,2";
			};
			name = Release;
		};
/* End XCBuildConfiguration section */

/* Begin XCConfigurationList section */
		3C3093652A30E1D8006A5187 /* Build configuration list for PBXProject "AliMarket" */ = {
			isa = XCConfigurationList;
			buildConfigurations = (
				3C3093762A30E1DA006A5187 /* Debug */,
				3C3093772A30E1DA006A5187 /* Release */,
			);
			defaultConfigurationIsVisible = 0;
			defaultConfigurationName = Release;
		};
		3C3093782A30E1DA006A5187 /* Build configuration list for PBXNativeTarget "AliMarket" */ = {
			isa = XCConfigurationList;
			buildConfigurations = (
				3C3093792A30E1DA006A5187 /* Debug */,
				3C30937A2A30E1DA006A5187 /* Release */,
			);
			defaultConfigurationIsVisible = 0;
			defaultConfigurationName = Release;
		};
/* End XCConfigurationList section */

/* Begin XCRemoteSwiftPackageReference section */
		3C3093A92A33854D006A5187 /* XCRemoteSwiftPackageReference "firebase-ios-sdk" */ = {
			isa = XCRemoteSwiftPackageReference;
			repositoryURL = "https://github.com/firebase/firebase-ios-sdk";
			requirement = {
				kind = upToNextMajorVersion;
				minimumVersion = 10.0.0;
			};
		};
/* End XCRemoteSwiftPackageReference section */

/* Begin XCSwiftPackageProductDependency section */
		3C3093AA2A33854D006A5187 /* FirebaseAuth */ = {
			isa = XCSwiftPackageProductDependency;
			package = 3C3093A92A33854D006A5187 /* XCRemoteSwiftPackageReference "firebase-ios-sdk" */;
			productName = FirebaseAuth;
		};
		3C3093AC2A33854D006A5187 /* FirebaseFirestore */ = {
			isa = XCSwiftPackageProductDependency;
			package = 3C3093A92A33854D006A5187 /* XCRemoteSwiftPackageReference "firebase-ios-sdk" */;
			productName = FirebaseFirestore;
		};
		3C3093AE2A33854D006A5187 /* FirebaseFirestoreCombine-Community */ = {
			isa = XCSwiftPackageProductDependency;
			package = 3C3093A92A33854D006A5187 /* XCRemoteSwiftPackageReference "firebase-ios-sdk" */;
			productName = "FirebaseFirestoreCombine-Community";
		};
		3C3093B02A33854D006A5187 /* FirebaseFirestoreSwift */ = {
			isa = XCSwiftPackageProductDependency;
			package = 3C3093A92A33854D006A5187 /* XCRemoteSwiftPackageReference "firebase-ios-sdk" */;
			productName = FirebaseFirestoreSwift;
		};
		3CA48F1D2A365E3E0041646F /* FirebaseStorage */ = {
			isa = XCSwiftPackageProductDependency;
			package = 3C3093A92A33854D006A5187 /* XCRemoteSwiftPackageReference "firebase-ios-sdk" */;
			productName = FirebaseStorage;
		};
/* End XCSwiftPackageProductDependency section */
	};
	rootObject = 3C3093622A30E1D8006A5187 /* Project object */;
}
